
Microsoft Visual Studio Solution File, Format Version 12.00
# Visual Studio Version 16
VisualStudioVersion = 16.0.30611.23
MinimumVisualStudioVersion = 10.0.40219.1
Project("{FAE04EC0-301F-11D3-BF4B-00C04F79EFBC}") = "WebApplication1", "WebApplication1\WebApplication1.csproj", "{AC226048-796B-470A-8E4E-B14D981F1B6E}"
EndProject
Global
	GlobalSection(SolutionConfigurationPlatforms) = preSolution
		Debug|Any CPU = Debug|Any CPU
		Release|Any CPU = Release|Any CPU
	EndGlobalSection
	GlobalSection(ProjectConfigurationPlatforms) = postSolution
		{AC226048-796B-470A-8E4E-B14D981F1B6E}.Debug|Any CPU.ActiveCfg = Debug|Any CPU
		{AC226048-796B-470A-8E4E-B14D981F1B6E}.Debug|Any CPU.Build.0 = Debug|Any CPU
		{AC226048-796B-470A-8E4E-B14D981F1B6E}.Release|Any CPU.ActiveCfg = Release|Any CPU
		{AC226048-796B-470A-8E4E-B14D981F1B6E}.Release|Any CPU.Build.0 = Release|Any CPU
	EndGlobalSection
	GlobalSection(SolutionProperties) = preSolution
		HideSolutionNode = FALSE
	EndGlobalSection
	GlobalSection(ExtensibilityGlobals) = postSolution
		SolutionGuid = {43BA1A9A-746A-42BF-9932-01808AD9F6CD}
	EndGlobalSection
EndGlobal
